{
  "dependencyGraphHash": "36fd70f40d54c3b685cea8e1de89c8bc03ddca4a428e5db9d10b40000fa5cd5a",
  "graph": {
    "deps": [],
    "package": {
      "manifestHash": "63d6e6bf3c24be1f22f51ec224d6613527a5f9b9f6eb9ea8ac01e05dcac8852d",
      "name": "fzyagent",
      "version": "0.1.0"
    }
  },
  "schemaVersion": "fozzylang.lock.v0"
}